# This file is automatically @generated by Cargo.
# It is not intended for manual editing.
version = 4

[[package]]
name = "astra"
version = "0.2.0"
dependencies = [
 "astra-core",
 "astra-projects",
 "astra-system",
 "astra-workspaces",
]

[[package]]
name = "astra-core"
version = "0.2.0"

[[package]]
name = "astra-projects"
version = "0.2.0"

[[package]]
name = "astra-system"
version = "0.2.0"

[[package]]
name = "astra-workspaces"
version = "0.2.0"
